Microsoft Visual Studio Solution File, Format Version 12.00
# Visual Studio 14
VisualStudioVersion = 14.0.25420.1
MinimumVisualStudioVersion = 10.0.40219.1
Project("{2150E333-8FDC-42A3-9474-1A3956D46DE8}") = "stuff", "stuff", "{1ABDD7C1-1F8D-402D-8692-3E4B66962DE0}"
	ProjectSection(SolutionItems) = preProject
		CHANGELOG.md = CHANGELOG.md
		CONTRIBUTING.md = CONTRIBUTING.md
		LICENSE.md = LICENSE.md
		README.md = README.md
	EndProjectSection
EndProject
Project("{FAE04EC0-301F-11D3-BF4B-00C04F79EFBC}") = "Rebus.Ninject", "Rebus.Ninject\Rebus.Ninject.csproj", "{2D40CF1D-7F79-4009-9CC8-B414596D0718}"
EndProject
Project("{FAE04EC0-301F-11D3-BF4B-00C04F79EFBC}") = "Rebus.Ninject.Tests", "Rebus.Ninject.Tests\Rebus.Ninject.Tests.csproj", "{F40A4AA6-6697-4E87-BF03-C58F4AA99E55}"
EndProject
Global
	GlobalSection(SolutionConfigurationPlatforms) = preSolution
		Debug|Any CPU = Debug|Any CPU
		Release|Any CPU = Release|Any CPU
	EndGlobalSection
	GlobalSection(ProjectConfigurationPlatforms) = postSolution
		{2D40CF1D-7F79-4009-9CC8-B414596D0718}.Debug|Any CPU.ActiveCfg = Debug|Any CPU
		{2D40CF1D-7F79-4009-9CC8-B414596D0718}.Debug|Any CPU.Build.0 = Debug|Any CPU
		{2D40CF1D-7F79-4009-9CC8-B414596D0718}.Release|Any CPU.ActiveCfg = Release|Any CPU
		{2D40CF1D-7F79-4009-9CC8-B414596D0718}.Release|Any CPU.Build.0 = Release|Any CPU
		{F40A4AA6-6697-4E87-BF03-C58F4AA99E55}.Debug|Any CPU.ActiveCfg = Debug|Any CPU
		{F40A4AA6-6697-4E87-BF03-C58F4AA99E55}.Debug|Any CPU.Build.0 = Debug|Any CPU
		{F40A4AA6-6697-4E87-BF03-C58F4AA99E55}.Release|Any CPU.ActiveCfg = Release|Any CPU
		{F40A4AA6-6697-4E87-BF03-C58F4AA99E55}.Release|Any CPU.Build.0 = Release|Any CPU
	EndGlobalSection
	GlobalSection(SolutionProperties) = preSolution
		HideSolutionNode = FALSE
	EndGlobalSection
EndGlobal
